
Microsoft Visual Studio Solution File, Format Version 12.00
# Visual Studio Version 16
VisualStudioVersion = 16.0.31112.23
MinimumVisualStudioVersion = 10.0.40219.1
Project("{8BC9CEB8-8B4A-11D0-8D11-00A0C91BC942}") = "OOP345_WS08_Part2", "OOP345_WS08_Part2.vcxproj", "{F308C332-6FF6-491D-A678-438466112715}"
EndProject
Global
	GlobalSection(SolutionConfigurationPlatforms) = preSolution
		Debug|x64 = Debug|x64
		Debug|x86 = Debug|x86
		Release|x64 = Release|x64
		Release|x86 = Release|x86
	EndGlobalSection
	GlobalSection(ProjectConfigurationPlatforms) = postSolution
		{F308C332-6FF6-491D-A678-438466112715}.Debug|x64.ActiveCfg = Debug|x64
		{F308C332-6FF6-491D-A678-438466112715}.Debug|x64.Build.0 = Debug|x64
		{F308C332-6FF6-491D-A678-438466112715}.Debug|x86.ActiveCfg = Debug|Win32
		{F308C332-6FF6-491D-A678-438466112715}.Debug|x86.Build.0 = Debug|Win32
		{F308C332-6FF6-491D-A678-438466112715}.Release|x64.ActiveCfg = Release|x64
		{F308C332-6FF6-491D-A678-438466112715}.Release|x64.Build.0 = Release|x64
		{F308C332-6FF6-491D-A678-438466112715}.Release|x86.ActiveCfg = Release|Win32
		{F308C332-6FF6-491D-A678-438466112715}.Release|x86.Build.0 = Release|Win32
	EndGlobalSection
	GlobalSection(SolutionProperties) = preSolution
		HideSolutionNode = FALSE
	EndGlobalSection
	GlobalSection(ExtensibilityGlobals) = postSolution
		SolutionGuid = {40D38F7C-C78D-4CC8-BF86-E0C2B0F94947}
	EndGlobalSection
EndGlobal
